
Microsoft Visual Studio Solution File, Format Version 12.00
# Visual Studio Version 16
VisualStudioVersion = 16.0.29306.81
MinimumVisualStudioVersion = 10.0.40219.1
Project("{FAE04EC0-301F-11D3-BF4B-00C04F79EFBC}") = "lab15", "lab15\lab15.csproj", "{E2A8C2C1-9FE3-4E27-8BC6-E3AFDC92EDA1}"
EndProject
Global
	GlobalSection(SolutionConfigurationPlatforms) = preSolution
		Debug|Any CPU = Debug|Any CPU
		Release|Any CPU = Release|Any CPU
	EndGlobalSection
	GlobalSection(ProjectConfigurationPlatforms) = postSolution
		{E2A8C2C1-9FE3-4E27-8BC6-E3AFDC92EDA1}.Debug|Any CPU.ActiveCfg = Debug|Any CPU
		{E2A8C2C1-9FE3-4E27-8BC6-E3AFDC92EDA1}.Debug|Any CPU.Build.0 = Debug|Any CPU
		{E2A8C2C1-9FE3-4E27-8BC6-E3AFDC92EDA1}.Release|Any CPU.ActiveCfg = Release|Any CPU
		{E2A8C2C1-9FE3-4E27-8BC6-E3AFDC92EDA1}.Release|Any CPU.Build.0 = Release|Any CPU
	EndGlobalSection
	GlobalSection(SolutionProperties) = preSolution
		HideSolutionNode = FALSE
	EndGlobalSection
	GlobalSection(ExtensibilityGlobals) = postSolution
		SolutionGuid = {14B5B695-B0C5-40E9-B88A-EBF0F088C4B7}
	EndGlobalSection
EndGlobal
